PODS:
  - AIHelpSDK (2.1.3)
  - MBProgressHUD (1.2.0)

DEPENDENCIES:
  - AIHelpSDK (~> 2.1.0)
  - MBProgressHUD (~> 1.2.0)

SPEC REPOS:
  trunk:
    - AIHelpSDK
    - MBProgressHUD

SPEC CHECKSUMS:
  AIHelpSDK: e2429ceb8fbb0e2887fa018101f805ed22ce7914
  MBProgressHUD: 3ee5efcc380f6a79a7cc9b363dd669c5e1ae7406

PODFILE CHECKSUM: 7a7e2e53cf8c0a72c940e8781001f97da48196ae

COCOAPODS: 1.10.0
